// !$*UTF8*$!
{
	archiveVersion = 1;
	classes = {
	};
	objectVersion = 46;
	objects = {

/* Begin PBXBuildFile section */
		C21313331A0A6DEF006C7437 /* Foundation.framework in Frameworks */ = {isa = PBXBuildFile; fileRef = C21313321A0A6DEF006C7437 /* Foundation.framework */; };
		C21313351A0A6DEF006C7437 /* CoreGraphics.framework in Frameworks */ = {isa = PBXBuildFile; fileRef = C21313341A0A6DEF006C7437 /* CoreGraphics.framework */; };
		C21313371A0A6DEF006C7437 /* UIKit.framework in Frameworks */ = {isa = PBXBuildFile; fileRef = C21313361A0A6DEF006C7437 /* UIKit.framework */; };
		C213133D1A0A6DEF006C7437 /* InfoPlist.strings in Resources */ = {isa = PBXBuildFile; fileRef = C213133B1A0A6DEF006C7437 /* InfoPlist.strings */; };
		C213133F1A0A6DEF006C7437 /* main.m in Sources */ = {isa = PBXBuildFile; fileRef = C213133E1A0A6DEF006C7437 /* main.m */; };
		C21313431A0A6DEF006C7437 /* AppDelegate.m in Sources */ = {isa = PBXBuildFile; fileRef = C21313421A0A6DEF006C7437 /* AppDelegate.m */; };
		C21313461A0A6DEF006C7437 /* Main.storyboard in Resources */ = {isa = PBXBuildFile; fileRef = C21313441A0A6DEF006C7437 /* Main.storyboard */; };
		C21313491A0A6DEF006C7437 /* FirstViewController.m in Sources */ = {isa = PBXBuildFile; fileRef = C21313481A0A6DEF006C7437 /* FirstViewController.m */; };
		C213134C1A0A6DEF006C7437 /* SecondViewController.m in Sources */ = {isa = PBXBuildFile; fileRef = C213134B1A0A6DEF006C7437 /* SecondViewController.m */; };
		C213134E1A0A6DEF006C7437 /* Images.xcassets in Resources */ = {isa = PBXBuildFile; fileRef = C213134D1A0A6DEF006C7437 /* Images.xcassets */; };
		C21313551A0A6DEF006C7437 /* XCTest.framework in Frameworks */ = {isa = PBXBuildFile; fileRef = C21313541A0A6DEF006C7437 /* XCTest.framework */; };
		C21313561A0A6DEF006C7437 /* Foundation.framework in Frameworks */ = {isa = PBXBuildFile; fileRef = C21313321A0A6DEF006C7437 /* Foundation.framework */; };
		C21313571A0A6DEF006C7437 /* UIKit.framework in Frameworks */ = {isa = PBXBuildFile; fileRef = C21313361A0A6DEF006C7437 /* UIKit.framework */; };
		C213135F1A0A6DEF006C7437 /* InfoPlist.strings in Resources */ = {isa = PBXBuildFile; fileRef = C213135D1A0A6DEF006C7437 /* InfoPlist.strings */; };
		C21313611A0A6DF0006C7437 /* Bryant_P_D_Tests.m in Sources */ = {isa = PBXBuildFile; fileRef = C21313601A0A6DF0006C7437 /* Bryant_P_D_Tests.m */; };
/* End PBXBuildFile section */

/* Begin PBXContainerItemProxy section */
		C21313581A0A6DEF006C7437 /* PBXContainerItemProxy */ = {
			isa = PBXContainerItemProxy;
			containerPortal = C21313271A0A6DEE006C7437 /* Project object */;
			proxyType = 1;
			remoteGlobalIDString = C213132E1A0A6DEE006C7437;
			remoteInfo = "Bryant P.D.";
		};
/* End PBXContainerItemProxy section */

/* Begin PBXFileReference section */
		C213132F1A0A6DEE006C7437 /* Bryant P.D..app */ = {isa = PBXFileReference; explicitFileType = wrapper.application; includeInIndex = 0; path = "Bryant P.D..app"; sourceTree = BUILT_PRODUCTS_DIR; };
		C21313321A0A6DEF006C7437 /* Foundation.framework */ = {isa = PBXFileReference; lastKnownFileType = wrapper.framework; name = Foundation.framework; path = System/Library/Frameworks/Foundation.framework; sourceTree = SDKROOT; };
		C21313341A0A6DEF006C7437 /* CoreGraphics.framework */ = {isa = PBXFileReference; lastKnownFileType = wrapper.framework; name = CoreGraphics.framework; path = System/Library/Frameworks/CoreGraphics.framework; sourceTree = SDKROOT; };
		C21313361A0A6DEF006C7437 /* UIKit.framework */ = {isa = PBXFileReference; lastKnownFileType = wrapper.framework; name = UIKit.framework; path = System/Library/Frameworks/UIKit.framework; sourceTree = SDKROOT; };
		C213133A1A0A6DEF006C7437 /* Bryant P.D.-Info.plist */ = {isa = PBXFileReference; lastKnownFileType = text.plist.xml; path = "Bryant P.D.-Info.plist"; sourceTree = "<group>"; };
		C213133C1A0A6DEF006C7437 /* en */ = {isa = PBXFileReference; lastKnownFileType = text.plist.strings; name = en; path = en.lproj/InfoPlist.strings; sourceTree = "<group>"; };
		C213133E1A0A6DEF006C7437 /* main.m */ = {isa = PBXFileReference; lastKnownFileType = sourcecode.c.objc; path = main.m; sourceTree = "<group>"; };
		C21313401A0A6DEF006C7437 /* Bryant P.D.-Prefix.pch */ = {isa = PBXFileReference; lastKnownFileType = sourcecode.c.h; path = "Bryant P.D.-Prefix.pch"; sourceTree = "<group>"; };
		C21313411A0A6DEF006C7437 /* AppDelegate.h */ = {isa = PBXFileReference; lastKnownFileType = sourcecode.c.h; path = AppDelegate.h; sourceTree = "<group>"; };
		C21313421A0A6DEF006C7437 /* AppDelegate.m */ = {isa = PBXFileReference; lastKnownFileType = sourcecode.c.objc; path = AppDelegate.m; sourceTree = "<group>"; };
		C21313451A0A6DEF006C7437 /* Base */ = {isa = PBXFileReference; lastKnownFileType = file.storyboard; name = Base; path = Base.lproj/Main.storyboard; sourceTree = "<group>"; };
		C21313471A0A6DEF006C7437 /* FirstViewController.h */ = {isa = PBXFileReference; lastKnownFileType = sourcecode.c.h; path = FirstViewController.h; sourceTree = "<group>"; };
		C21313481A0A6DEF006C7437 /* FirstViewController.m */ = {isa = PBXFileReference; lastKnownFileType = sourcecode.c.objc; path = FirstViewController.m; sourceTree = "<group>"; };
		C213134A1A0A6DEF006C7437 /* SecondViewController.h */ = {isa = PBXFileReference; lastKnownFileType = sourcecode.c.h; path = SecondViewController.h; sourceTree = "<group>"; };
		C213134B1A0A6DEF006C7437 /* SecondViewController.m */ = {isa = PBXFileReference; lastKnownFileType = sourcecode.c.objc; path = SecondViewController.m; sourceTree = "<group>"; };
		C213134D1A0A6DEF006C7437 /* Images.xcassets */ = {isa = PBXFileReference; lastKnownFileType = folder.assetcatalog; path = Images.xcassets; sourceTree = "<group>"; };
		C21313531A0A6DEF006C7437 /* Bryant P.D.Tests.xctest */ = {isa = PBXFileReference; explicitFileType = wrapper.cfbundle; includeInIndex = 0; path = "Bryant P.D.Tests.xctest"; sourceTree = BUILT_PRODUCTS_DIR; };
		C21313541A0A6DEF006C7437 /* XCTest.framework */ = {isa = PBXFileReference; lastKnownFileType = wrapper.framework; name = XCTest.framework; path = Library/Frameworks/XCTest.framework; sourceTree = DEVELOPER_DIR; };
		C213135C1A0A6DEF006C7437 /* Bryant P.D.Tests-Info.plist */ = {isa = PBXFileReference; lastKnownFileType = text.plist.xml; path = "Bryant P.D.Tests-Info.plist"; sourceTree = "<group>"; };
		C213135E1A0A6DEF006C7437 /* en */ = {isa = PBXFileReference; lastKnownFileType = text.plist.strings; name = en; path = en.lproj/InfoPlist.strings; sourceTree = "<group>"; };
		C21313601A0A6DF0006C7437 /* Bryant_P_D_Tests.m */ = {isa = PBXFileReference; lastKnownFileType = sourcecode.c.objc; path = Bryant_P_D_Tests.m; sourceTree = "<group>"; };
/* End PBXFileReference section */

/* Begin PBXFrameworksBuildPhase section */
		C213132C1A0A6DEE006C7437 /* Frameworks */ = {
			isa = PBXFrameworksBuildPhase;
			buildActionMask = 2147483647;
			files = (
				C21313351A0A6DEF006C7437 /* CoreGraphics.framework in Frameworks */,
				C21313371A0A6DEF006C7437 /* UIKit.framework in Frameworks */,
				C21313331A0A6DEF006C7437 /* Foundation.framework in Frameworks */,
			);
			runOnlyForDeploymentPostprocessing = 0;
		};
		C21313501A0A6DEF006C7437 /* Frameworks */ = {
			isa = PBXFrameworksBuildPhase;
			buildActionMask = 2147483647;
			files = (
				C21313551A0A6DEF006C7437 /* XCTest.framework in Frameworks */,
				C21313571A0A6DEF006C7437 /* UIKit.framework in Frameworks */,
				C21313561A0A6DEF006C7437 /* Foundation.framework in Frameworks */,
			);
			runOnlyForDeploymentPostprocessing = 0;
		};
/* End PBXFrameworksBuildPhase section */

/* Begin PBXGroup section */
		C21313261A0A6DEE006C7437 = {
			isa = PBXGroup;
			children = (
				C21313381A0A6DEF006C7437 /* Bryant P.D. */,
				C213135A1A0A6DEF006C7437 /* Bryant P.D.Tests */,
				C21313311A0A6DEE006C7437 /* Frameworks */,
				C21313301A0A6DEE006C7437 /* Products */,
			);
			sourceTree = "<group>";
		};
		C21313301A0A6DEE006C7437 /* Products */ = {
			isa = PBXGroup;
			children = (
				C213132F1A0A6DEE006C7437 /* Bryant P.D..app */,
				C21313531A0A6DEF006C7437 /* Bryant P.D.Tests.xctest */,
			);
			name = Products;
			sourceTree = "<group>";
		};
		C21313311A0A6DEE006C7437 /* Frameworks */ = {
			isa = PBXGroup;
			children = (
				C21313321A0A6DEF006C7437 /* Foundation.framework */,
				C21313341A0A6DEF006C7437 /* CoreGraphics.framework */,
				C21313361A0A6DEF006C7437 /* UIKit.framework */,
				C21313541A0A6DEF006C7437 /* XCTest.framework */,
			);
			name = Frameworks;
			sourceTree = "<group>";
		};
		C21313381A0A6DEF006C7437 /* Bryant P.D. */ = {
			isa = PBXGroup;
			children = (
				C21313411A0A6DEF006C7437 /* AppDelegate.h */,
				C21313421A0A6DEF006C7437 /* AppDelegate.m */,
				C21313441A0A6DEF006C7437 /* Main.storyboard */,
				C21313471A0A6DEF006C7437 /* FirstViewController.h */,
				C21313481A0A6DEF006C7437 /* FirstViewController.m */,
				C213134A1A0A6DEF006C7437 /* SecondViewController.h */,
				C213134B1A0A6DEF006C7437 /* SecondViewController.m */,
				C213134D1A0A6DEF006C7437 /* Images.xcassets */,
				C21313391A0A6DEF006C7437 /* Supporting Files */,
			);
			path = "Bryant P.D.";
			sourceTree = "<group>";
		};
		C21313391A0A6DEF006C7437 /* Supporting Files */ = {
			isa = PBXGroup;
			children = (
				C213133A1A0A6DEF006C7437 /* Bryant P.D.-Info.plist */,
				C213133B1A0A6DEF006C7437 /* InfoPlist.strings */,
				C213133E1A0A6DEF006C7437 /* main.m */,
				C21313401A0A6DEF006C7437 /* Bryant P.D.-Prefix.pch */,
			);
			name = "Supporting Files";
			sourceTree = "<group>";
		};
		C213135A1A0A6DEF006C7437 /* Bryant P.D.Tests */ = {
			isa = PBXGroup;
			children = (
				C21313601A0A6DF0006C7437 /* Bryant_P_D_Tests.m */,
				C213135B1A0A6DEF006C7437 /* Supporting Files */,
			);
			path = "Bryant P.D.Tests";
			sourceTree = "<group>";
		};
		C213135B1A0A6DEF006C7437 /* Supporting Files */ = {
			isa = PBXGroup;
			children = (
				C213135C1A0A6DEF006C7437 /* Bryant P.D.Tests-Info.plist */,
				C213135D1A0A6DEF006C7437 /* InfoPlist.strings */,
			);
			name = "Supporting Files";
			sourceTree = "<group>";
		};
/* End PBXGroup section */

/* Begin PBXNativeTarget section */
		C213132E1A0A6DEE006C7437 /* Bryant P.D. */ = {
			isa = PBXNativeTarget;
			buildConfigurationList = C21313641A0A6DF0006C7437 /* Build configuration list for PBXNativeTarget "Bryant P.D." */;
			buildPhases = (
				C213132B1A0A6DEE006C7437 /* Sources */,
				C213132C1A0A6DEE006C7437 /* Frameworks */,
				C213132D1A0A6DEE006C7437 /* Resources */,
			);
			buildRules = (
			);
			dependencies = (
			);
			name = "Bryant P.D.";
			productName = "Bryant P.D.";
			productReference = C213132F1A0A6DEE006C7437 /* Bryant P.D..app */;
			productType = "com.apple.product-type.application";
		};
		C21313521A0A6DEF006C7437 /* Bryant P.D.Tests */ = {
			isa = PBXNativeTarget;
			buildConfigurationList = C21313671A0A6DF0006C7437 /* Build configuration list for PBXNativeTarget "Bryant P.D.Tests" */;
			buildPhases = (
				C213134F1A0A6DEF006C7437 /* Sources */,
				C21313501A0A6DEF006C7437 /* Frameworks */,
				C21313511A0A6DEF006C7437 /* Resources */,
			);
			buildRules = (
			);
			dependencies = (
				C21313591A0A6DEF006C7437 /* PBXTargetDependency */,
			);
			name = "Bryant P.D.Tests";
			productName = "Bryant P.D.Tests";
			productReference = C21313531A0A6DEF006C7437 /* Bryant P.D.Tests.xctest */;
			productType = "com.apple.product-type.bundle.unit-test";
		};
/* End PBXNativeTarget section */

/* Begin PBXProject section */
		C21313271A0A6DEE006C7437 /* Project object */ = {
			isa = PBXProject;
			attributes = {
				LastUpgradeCheck = 0510;
				ORGANIZATIONNAME = "___FULLUSERNAME___";
				TargetAttributes = {
					C21313521A0A6DEF006C7437 = {
						TestTargetID = C213132E1A0A6DEE006C7437;
					};
				};
			};
			buildConfigurationList = C213132A1A0A6DEE006C7437 /* Build configuration list for PBXProject "Bryant P.D." */;
			compatibilityVersion = "Xcode 3.2";
			developmentRegion = English;
			hasScannedForEncodings = 0;
			knownRegions = (
				en,
				Base,
			);
			mainGroup = C21313261A0A6DEE006C7437;
			productRefGroup = C21313301A0A6DEE006C7437 /* Products */;
			projectDirPath = "";
			projectRoot = "";
			targets = (
				C213132E1A0A6DEE006C7437 /* Bryant P.D. */,
				C21313521A0A6DEF006C7437 /* Bryant P.D.Tests */,
			);
		};
/* End PBXProject section */

/* Begin PBXResourcesBuildPhase section */
		C213132D1A0A6DEE006C7437 /* Resources */ = {
			isa = PBXResourcesBuildPhase;
			buildActionMask = 2147483647;
			files = (
				C213134E1A0A6DEF006C7437 /* Images.xcassets in Resources */,
				C213133D1A0A6DEF006C7437 /* InfoPlist.strings in Resources */,
				C21313461A0A6DEF006C7437 /* Main.storyboard in Resources */,
			);
			runOnlyForDeploymentPostprocessing = 0;
		};
		C21313511A0A6DEF006C7437 /* Resources */ = {
			isa = PBXResourcesBuildPhase;
			buildActionMask = 2147483647;
			files = (
				C213135F1A0A6DEF006C7437 /* InfoPlist.strings in Resources */,
			);
			runOnlyForDeploymentPostprocessing = 0;
		};
/* End PBXResourcesBuildPhase section */

/* Begin PBXSourcesBuildPhase section */
		C213132B1A0A6DEE006C7437 /* Sources */ = {
			isa = PBXSourcesBuildPhase;
			buildActionMask = 2147483647;
			files = (
				C213134C1A0A6DEF006C7437 /* SecondViewController.m in Sources */,
				C21313431A0A6DEF006C7437 /* AppDelegate.m in Sources */,
				C21313491A0A6DEF006C7437 /* FirstViewController.m in Sources */,
				C213133F1A0A6DEF006C7437 /* main.m in Sources */,
			);
			runOnlyForDeploymentPostprocessing = 0;
		};
		C213134F1A0A6DEF006C7437 /* Sources */ = {
			isa = PBXSourcesBuildPhase;
			buildActionMask = 2147483647;
			files = (
				C21313611A0A6DF0006C7437 /* Bryant_P_D_Tests.m in Sources */,
			);
			runOnlyForDeploymentPostprocessing = 0;
		};
/* End PBXSourcesBuildPhase section */

/* Begin PBXTargetDependency section */
		C21313591A0A6DEF006C7437 /* PBXTargetDependency */ = {
			isa = PBXTargetDependency;
			target = C213132E1A0A6DEE006C7437 /* Bryant P.D. */;
			targetProxy = C21313581A0A6DEF006C7437 /* PBXContainerItemProxy */;
		};
/* End PBXTargetDependency section */

/* Begin PBXVariantGroup section */
		C213133B1A0A6DEF006C7437 /* InfoPlist.strings */ = {
			isa = PBXVariantGroup;
			children = (
				C213133C1A0A6DEF006C7437 /* en */,
			);
			name = InfoPlist.strings;
			sourceTree = "<group>";
		};
		C21313441A0A6DEF006C7437 /* Main.storyboard */ = {
			isa = PBXVariantGroup;
			children = (
				C21313451A0A6DEF006C7437 /* Base */,
			);
			name = Main.storyboard;
			sourceTree = "<group>";
		};
		C213135D1A0A6DEF006C7437 /* InfoPlist.strings */ = {
			isa = PBXVariantGroup;
			children = (
				C213135E1A0A6DEF006C7437 /* en */,
			);
			name = InfoPlist.strings;
			sourceTree = "<group>";
		};
/* End PBXVariantGroup section */

/* Begin XCBuildConfiguration section */
		C21313621A0A6DF0006C7437 /* Debug */ = {
			isa = XCBuildConfiguration;
			buildSettings = {
				ALWAYS_SEARCH_USER_PATHS = NO;
				CLANG_CXX_LANGUAGE_STANDARD = "gnu++0x";
				CLANG_CXX_LIBRARY = "libc++";
				CLANG_ENABLE_MODULES = YES;
				CLANG_ENABLE_OBJC_ARC = YES;
				CLANG_WARN_BOOL_CONVERSION = YES;
				CLANG_WARN_CONSTANT_CONVERSION = YES;
				CLANG_WARN_DIRECT_OBJC_ISA_USAGE = YES_ERROR;
				CLANG_WARN_EMPTY_BODY = YES;
				CLANG_WARN_ENUM_CONVERSION = YES;
				CLANG_WARN_INT_CONVERSION = YES;
				CLANG_WARN_OBJC_ROOT_CLASS = YES_ERROR;
				CLANG_WARN__DUPLICATE_METHOD_MATCH = YES;
				"CODE_SIGN_IDENTITY[sdk=iphoneos*]" = "iPhone Developer";
				COPY_PHASE_STRIP = NO;
				GCC_C_LANGUAGE_STANDARD = gnu99;
				GCC_DYNAMIC_NO_PIC = NO;
				GCC_OPTIMIZATION_LEVEL = 0;
				GCC_PREPROCESSOR_DEFINITIONS = (
					"DEBUG=1",
					"$(inherited)",
				);
				GCC_SYMBOLS_PRIVATE_EXTERN = NO;
				GCC_WARN_64_TO_32_BIT_CONVERSION = YES;
				GCC_WARN_ABOUT_RETURN_TYPE = YES_ERROR;
				GCC_WARN_UNDECLARED_SELECTOR = YES;
				GCC_WARN_UNINITIALIZED_AUTOS = YES_AGGRESSIVE;
				GCC_WARN_UNUSED_FUNCTION = YES;
				GCC_WARN_UNUSED_VARIABLE = YES;
				IPHONEOS_DEPLOYMENT_TARGET = 7.1;
				ONLY_ACTIVE_ARCH = YES;
				SDKROOT = iphoneos;
			};
			name = Debug;
		};
		C21313631A0A6DF0006C7437 /* Release */ = {
			isa = XCBuildConfiguration;
			buildSettings = {
				ALWAYS_SEARCH_USER_PATHS = NO;
				CLANG_CXX_LANGUAGE_STANDARD = "gnu++0x";
				CLANG_CXX_LIBRARY = "libc++";
				CLANG_ENABLE_MODULES = YES;
				CLANG_ENABLE_OBJC_ARC = YES;
				CLANG_WARN_BOOL_CONVERSION = YES;
				CLANG_WARN_CONSTANT_CONVERSION = YES;
				CLANG_WARN_DIRECT_OBJC_ISA_USAGE = YES_ERROR;
				CLANG_WARN_EMPTY_BODY = YES;
				CLANG_WARN_ENUM_CONVERSION = YES;
				CLANG_WARN_INT_CONVERSION = YES;
				CLANG_WARN_OBJC_ROOT_CLASS = YES_ERROR;
				CLANG_WARN__DUPLICATE_METHOD_MATCH = YES;
				"CODE_SIGN_IDENTITY[sdk=iphoneos*]" = "iPhone Developer";
				COPY_PHASE_STRIP = YES;
				ENABLE_NS_ASSERTIONS = NO;
				GCC_C_LANGUAGE_STANDARD = gnu99;
				GCC_WARN_64_TO_32_BIT_CONVERSION = YES;
				GCC_WARN_ABOUT_RETURN_TYPE = YES_ERROR;
				GCC_WARN_UNDECLARED_SELECTOR = YES;
				GCC_WARN_UNINITIALIZED_AUTOS = YES_AGGRESSIVE;
				GCC_WARN_UNUSED_FUNCTION = YES;
				GCC_WARN_UNUSED_VARIABLE = YES;
				IPHONEOS_DEPLOYMENT_TARGET = 7.1;
				SDKROOT = iphoneos;
				VALIDATE_PRODUCT = YES;
			};
			name = Release;
		};
		C21313651A0A6DF0006C7437 /* Debug */ = {
			isa = XCBuildConfiguration;
			buildSettings = {
				ASSETCATALOG_COMPILER_APPICON_NAME = AppIcon;
				ASSETCATALOG_COMPILER_LAUNCHIMAGE_NAME = LaunchImage;
				GCC_PRECOMPILE_PREFIX_HEADER = YES;
				GCC_PREFIX_HEADER = "Bryant P.D./Bryant P.D.-Prefix.pch";
				INFOPLIST_FILE = "Bryant P.D./Bryant P.D.-Info.plist";
				PRODUCT_NAME = "$(TARGET_NAME)";
				WRAPPER_EXTENSION = app;
			};
			name = Debug;
		};
		C21313661A0A6DF0006C7437 /* Release */ = {
			isa = XCBuildConfiguration;
			buildSettings = {
				ASSETCATALOG_COMPILER_APPICON_NAME = AppIcon;
				ASSETCATALOG_COMPILER_LAUNCHIMAGE_NAME = LaunchImage;
				GCC_PRECOMPILE_PREFIX_HEADER = YES;
				GCC_PREFIX_HEADER = "Bryant P.D./Bryant P.D.-Prefix.pch";
				INFOPLIST_FILE = "Bryant P.D./Bryant P.D.-Info.plist";
				PRODUCT_NAME = "$(TARGET_NAME)";
				WRAPPER_EXTENSION = app;
			};
			name = Release;
		};
		C21313681A0A6DF0006C7437 /* Debug */ = {
			isa = XCBuildConfiguration;
			buildSettings = {
				BUNDLE_LOADER = "$(BUILT_PRODUCTS_DIR)/Bryant P.D..app/Bryant P.D.";
				FRAMEWORK_SEARCH_PATHS = (
					"$(SDKROOT)/Developer/Library/Frameworks",
					"$(inherited)",
					"$(DEVELOPER_FRAMEWORKS_DIR)",
				);
				GCC_PRECOMPILE_PREFIX_HEADER = YES;
				GCC_PREFIX_HEADER = "Bryant P.D./Bryant P.D.-Prefix.pch";
				GCC_PREPROCESSOR_DEFINITIONS = (
					"DEBUG=1",
					"$(inherited)",
				);
				INFOPLIST_FILE = "Bryant P.D.Tests/Bryant P.D.Tests-Info.plist";
				PRODUCT_NAME = "$(TARGET_NAME)";
				TEST_HOST = "$(BUNDLE_LOADER)";
				WRAPPER_EXTENSION = xctest;
			};
			name = Debug;
		};
		C21313691A0A6DF0006C7437 /* Release */ = {
			isa = XCBuildConfiguration;
			buildSettings = {
				BUNDLE_LOADER = "$(BUILT_PRODUCTS_DIR)/Bryant P.D..app/Bryant P.D.";
				FRAMEWORK_SEARCH_PATHS = (
					"$(SDKROOT)/Developer/Library/Frameworks",
					"$(inherited)",
					"$(DEVELOPER_FRAMEWORKS_DIR)",
				);
				GCC_PRECOMPILE_PREFIX_HEADER = YES;
				GCC_PREFIX_HEADER = "Bryant P.D./Bryant P.D.-Prefix.pch";
				INFOPLIST_FILE = "Bryant P.D.Tests/Bryant P.D.Tests-Info.plist";
				PRODUCT_NAME = "$(TARGET_NAME)";
				TEST_HOST = "$(BUNDLE_LOADER)";
				WRAPPER_EXTENSION = xctest;
			};
			name = Release;
		};
/* End XCBuildConfiguration section */

/* Begin XCConfigurationList section */
		C213132A1A0A6DEE006C7437 /* Build configuration list for PBXProject "Bryant P.D." */ = {
			isa = XCConfigurationList;
			buildConfigurations = (
				C21313621A0A6DF0006C7437 /* Debug */,
				C21313631A0A6DF0006C7437 /* Release */,
			);
			defaultConfigurationIsVisible = 0;
			defaultConfigurationName = Release;
		};
		C21313641A0A6DF0006C7437 /* Build configuration list for PBXNativeTarget "Bryant P.D." */ = {
			isa = XCConfigurationList;
			buildConfigurations = (
				C21313651A0A6DF0006C7437 /* Debug */,
				C21313661A0A6DF0006C7437 /* Release */,
			);
			defaultConfigurationIsVisible = 0;
		};
		C21313671A0A6DF0006C7437 /* Build configuration list for PBXNativeTarget "Bryant P.D.Tests" */ = {
			isa = XCConfigurationList;
			buildConfigurations = (
				C21313681A0A6DF0006C7437 /* Debug */,
				C21313691A0A6DF0006C7437 /* Release */,
			);
			defaultConfigurationIsVisible = 0;
		};
/* End XCConfigurationList section */
	};
	rootObject = C21313271A0A6DEE006C7437 /* Project object */;
}
